
Microsoft Visual Studio Solution File, Format Version 12.00
# Visual Studio Version 17
VisualStudioVersion = 17.6.33712.159
MinimumVisualStudioVersion = 10.0.40219.1
Project("{FAE04EC0-301F-11D3-BF4B-00C04F79EFBC}") = "YellowAdvert.Entities", "YellowAdvert.Entities\YellowAdvert.Entities.csproj", "{29891211-4E8D-4906-B711-8E2E3C3310EA}"
EndProject
Project("{FAE04EC0-301F-11D3-BF4B-00C04F79EFBC}") = "YellowAdvert.DataAccess", "YellowAdvert.DataAccess\YellowAdvert.DataAccess.csproj", "{A99D535A-6710-49DC-A283-5C3744FBEB58}"
EndProject
Global
	GlobalSection(SolutionConfigurationPlatforms) = preSolution
		Debug|Any CPU = Debug|Any CPU
		Release|Any CPU = Release|Any CPU
	EndGlobalSection
	GlobalSection(ProjectConfigurationPlatforms) = postSolution
		{29891211-4E8D-4906-B711-8E2E3C3310EA}.Debug|Any CPU.ActiveCfg = Debug|Any CPU
		{29891211-4E8D-4906-B711-8E2E3C3310EA}.Debug|Any CPU.Build.0 = Debug|Any CPU
		{29891211-4E8D-4906-B711-8E2E3C3310EA}.Release|Any CPU.ActiveCfg = Release|Any CPU
		{29891211-4E8D-4906-B711-8E2E3C3310EA}.Release|Any CPU.Build.0 = Release|Any CPU
		{A99D535A-6710-49DC-A283-5C3744FBEB58}.Debug|Any CPU.ActiveCfg = Debug|Any CPU
		{A99D535A-6710-49DC-A283-5C3744FBEB58}.Debug|Any CPU.Build.0 = Debug|Any CPU
		{A99D535A-6710-49DC-A283-5C3744FBEB58}.Release|Any CPU.ActiveCfg = Release|Any CPU
		{A99D535A-6710-49DC-A283-5C3744FBEB58}.Release|Any CPU.Build.0 = Release|Any CPU
	EndGlobalSection
	GlobalSection(SolutionProperties) = preSolution
		HideSolutionNode = FALSE
	EndGlobalSection
	GlobalSection(ExtensibilityGlobals) = postSolution
		SolutionGuid = {A598B16E-56BA-419F-B1E5-6F258959B87F}
	EndGlobalSection
EndGlobal
